
Microsoft Visual Studio Solution File, Format Version 12.00
# Visual Studio Version 17
VisualStudioVersion = 17.4.33110.190
MinimumVisualStudioVersion = 10.0.40219.1
Project("{FAE04EC0-301F-11D3-BF4B-00C04F79EFBC}") = "Flip Chess.Chesses", "Flip Chess.Chesses\Flip Chess.Chesses.csproj", "{FE6762AE-0530-4DD2-B7AE-FAA5B504C037}"
EndProject
Project("{FAE04EC0-301F-11D3-BF4B-00C04F79EFBC}") = "Flip Chess", "Flip Chess\Flip Chess.csproj", "{7A1C9E84-6666-485A-8F29-9035E73F07F4}"
EndProject
Project("{FAE04EC0-301F-11D3-BF4B-00C04F79EFBC}") = "Flip Chess.TestApp", "Flip Chess.TestApp\Flip Chess.TestApp.csproj", "{F4F94AC3-7C60-4A82-A7B0-C9AB922DCE4D}"
EndProject
Project("{FAE04EC0-301F-11D3-BF4B-00C04F79EFBC}") = "Flip Chess.Elements", "Flip Chess.Elements\Flip Chess.Elements.csproj", "{5858D8C4-C517-476E-902A-7E51A9CDFADD}"
EndProject
Project("{2150E333-8FDC-42A3-9474-1A3956D46DE8}") = "Root", "Root", "{E502635E-491D-466A-91C6-6A7BE4FF97A3}"
	ProjectSection(SolutionItems) = preProject
		LICENSE = LICENSE
		README-EN.md = README-EN.md
		README-ZH.md = README-ZH.md
		README.md = README.md
	EndProjectSection
EndProject
Project("{2150E333-8FDC-42A3-9474-1A3956D46DE8}") = "ScreenShot", "ScreenShot", "{38148654-F798-4B8C-A9F0-6A9616D278D6}"
	ProjectSection(SolutionItems) = preProject
		ScreenShot\logo.png = ScreenShot\logo.png
	EndProjectSection
EndProject
Global
	GlobalSection(SolutionConfigurationPlatforms) = preSolution
		Debug|Any CPU = Debug|Any CPU
		Debug|ARM = Debug|ARM
		Debug|ARM64 = Debug|ARM64
		Debug|x64 = Debug|x64
		Debug|x86 = Debug|x86
		Release|Any CPU = Release|Any CPU
		Release|ARM = Release|ARM
		Release|ARM64 = Release|ARM64
		Release|x64 = Release|x64
		Release|x86 = Release|x86
	EndGlobalSection
	GlobalSection(ProjectConfigurationPlatforms) = postSolution
		{FE6762AE-0530-4DD2-B7AE-FAA5B504C037}.Debug|Any CPU.ActiveCfg = Debug|Any CPU
		{FE6762AE-0530-4DD2-B7AE-FAA5B504C037}.Debug|Any CPU.Build.0 = Debug|Any CPU
		{FE6762AE-0530-4DD2-B7AE-FAA5B504C037}.Debug|ARM.ActiveCfg = Debug|ARM
		{FE6762AE-0530-4DD2-B7AE-FAA5B504C037}.Debug|ARM.Build.0 = Debug|ARM
		{FE6762AE-0530-4DD2-B7AE-FAA5B504C037}.Debug|ARM64.ActiveCfg = Debug|ARM64
		{FE6762AE-0530-4DD2-B7AE-FAA5B504C037}.Debug|ARM64.Build.0 = Debug|ARM64
		{FE6762AE-0530-4DD2-B7AE-FAA5B504C037}.Debug|x64.ActiveCfg = Debug|x64
		{FE6762AE-0530-4DD2-B7AE-FAA5B504C037}.Debug|x64.Build.0 = Debug|x64
		{FE6762AE-0530-4DD2-B7AE-FAA5B504C037}.Debug|x86.ActiveCfg = Debug|x86
		{FE6762AE-0530-4DD2-B7AE-FAA5B504C037}.Debug|x86.Build.0 = Debug|x86
		{FE6762AE-0530-4DD2-B7AE-FAA5B504C037}.Release|Any CPU.ActiveCfg = Release|Any CPU
		{FE6762AE-0530-4DD2-B7AE-FAA5B504C037}.Release|Any CPU.Build.0 = Release|Any CPU
		{FE6762AE-0530-4DD2-B7AE-FAA5B504C037}.Release|ARM.ActiveCfg = Release|ARM
		{FE6762AE-0530-4DD2-B7AE-FAA5B504C037}.Release|ARM.Build.0 = Release|ARM
		{FE6762AE-0530-4DD2-B7AE-FAA5B504C037}.Release|ARM64.ActiveCfg = Release|ARM64
		{FE6762AE-0530-4DD2-B7AE-FAA5B504C037}.Release|ARM64.Build.0 = Release|ARM64
		{FE6762AE-0530-4DD2-B7AE-FAA5B504C037}.Release|x64.ActiveCfg = Release|x64
		{FE6762AE-0530-4DD2-B7AE-FAA5B504C037}.Release|x64.Build.0 = Release|x64
		{FE6762AE-0530-4DD2-B7AE-FAA5B504C037}.Release|x86.ActiveCfg = Release|x86
		{FE6762AE-0530-4DD2-B7AE-FAA5B504C037}.Release|x86.Build.0 = Release|x86
		{7A1C9E84-6666-485A-8F29-9035E73F07F4}.Debug|Any CPU.ActiveCfg = Debug|x64
		{7A1C9E84-6666-485A-8F29-9035E73F07F4}.Debug|Any CPU.Build.0 = Debug|x64
		{7A1C9E84-6666-485A-8F29-9035E73F07F4}.Debug|Any CPU.Deploy.0 = Debug|x64
		{7A1C9E84-6666-485A-8F29-9035E73F07F4}.Debug|ARM.ActiveCfg = Debug|ARM
		{7A1C9E84-6666-485A-8F29-9035E73F07F4}.Debug|ARM.Build.0 = Debug|ARM
		{7A1C9E84-6666-485A-8F29-9035E73F07F4}.Debug|ARM.Deploy.0 = Debug|ARM
		{7A1C9E84-6666-485A-8F29-9035E73F07F4}.Debug|ARM64.ActiveCfg = Debug|ARM64
		{7A1C9E84-6666-485A-8F29-9035E73F07F4}.Debug|ARM64.Build.0 = Debug|ARM64
		{7A1C9E84-6666-485A-8F29-9035E73F07F4}.Debug|ARM64.Deploy.0 = Debug|ARM64
		{7A1C9E84-6666-485A-8F29-9035E73F07F4}.Debug|x64.ActiveCfg = Debug|x64
		{7A1C9E84-6666-485A-8F29-9035E73F07F4}.Debug|x64.Build.0 = Debug|x64
		{7A1C9E84-6666-485A-8F29-9035E73F07F4}.Debug|x64.Deploy.0 = Debug|x64
		{7A1C9E84-6666-485A-8F29-9035E73F07F4}.Debug|x86.ActiveCfg = Debug|x86
		{7A1C9E84-6666-485A-8F29-9035E73F07F4}.Debug|x86.Build.0 = Debug|x86
		{7A1C9E84-6666-485A-8F29-9035E73F07F4}.Debug|x86.Deploy.0 = Debug|x86
		{7A1C9E84-6666-485A-8F29-9035E73F07F4}.Release|Any CPU.ActiveCfg = Release|x64
		{7A1C9E84-6666-485A-8F29-9035E73F07F4}.Release|Any CPU.Build.0 = Release|x64
		{7A1C9E84-6666-485A-8F29-9035E73F07F4}.Release|Any CPU.Deploy.0 = Release|x64
		{7A1C9E84-6666-485A-8F29-9035E73F07F4}.Release|ARM.ActiveCfg = Release|ARM
		{7A1C9E84-6666-485A-8F29-9035E73F07F4}.Release|ARM.Build.0 = Release|ARM
		{7A1C9E84-6666-485A-8F29-9035E73F07F4}.Release|ARM.Deploy.0 = Release|ARM
		{7A1C9E84-6666-485A-8F29-9035E73F07F4}.Release|ARM64.ActiveCfg = Release|ARM64
		{7A1C9E84-6666-485A-8F29-9035E73F07F4}.Release|ARM64.Build.0 = Release|ARM64
		{7A1C9E84-6666-485A-8F29-9035E73F07F4}.Release|ARM64.Deploy.0 = Release|ARM64
		{7A1C9E84-6666-485A-8F29-9035E73F07F4}.Release|x64.ActiveCfg = Release|x64
		{7A1C9E84-6666-485A-8F29-9035E73F07F4}.Release|x64.Build.0 = Release|x64
		{7A1C9E84-6666-485A-8F29-9035E73F07F4}.Release|x64.Deploy.0 = Release|x64
		{7A1C9E84-6666-485A-8F29-9035E73F07F4}.Release|x86.ActiveCfg = Release|x86
		{7A1C9E84-6666-485A-8F29-9035E73F07F4}.Release|x86.Build.0 = Release|x86
		{7A1C9E84-6666-485A-8F29-9035E73F07F4}.Release|x86.Deploy.0 = Release|x86
		{F4F94AC3-7C60-4A82-A7B0-C9AB922DCE4D}.Debug|Any CPU.ActiveCfg = Debug|x64
		{F4F94AC3-7C60-4A82-A7B0-C9AB922DCE4D}.Debug|Any CPU.Build.0 = Debug|x64
		{F4F94AC3-7C60-4A82-A7B0-C9AB922DCE4D}.Debug|Any CPU.Deploy.0 = Debug|x64
		{F4F94AC3-7C60-4A82-A7B0-C9AB922DCE4D}.Debug|ARM.ActiveCfg = Debug|ARM
		{F4F94AC3-7C60-4A82-A7B0-C9AB922DCE4D}.Debug|ARM.Build.0 = Debug|ARM
		{F4F94AC3-7C60-4A82-A7B0-C9AB922DCE4D}.Debug|ARM.Deploy.0 = Debug|ARM
		{F4F94AC3-7C60-4A82-A7B0-C9AB922DCE4D}.Debug|ARM64.ActiveCfg = Debug|ARM64
		{F4F94AC3-7C60-4A82-A7B0-C9AB922DCE4D}.Debug|ARM64.Build.0 = Debug|ARM64
		{F4F94AC3-7C60-4A82-A7B0-C9AB922DCE4D}.Debug|ARM64.Deploy.0 = Debug|ARM64
		{F4F94AC3-7C60-4A82-A7B0-C9AB922DCE4D}.Debug|x64.ActiveCfg = Debug|x64
		{F4F94AC3-7C60-4A82-A7B0-C9AB922DCE4D}.Debug|x64.Build.0 = Debug|x64
		{F4F94AC3-7C60-4A82-A7B0-C9AB922DCE4D}.Debug|x64.Deploy.0 = Debug|x64
		{F4F94AC3-7C60-4A82-A7B0-C9AB922DCE4D}.Debug|x86.ActiveCfg = Debug|x86
		{F4F94AC3-7C60-4A82-A7B0-C9AB922DCE4D}.Debug|x86.Build.0 = Debug|x86
		{F4F94AC3-7C60-4A82-A7B0-C9AB922DCE4D}.Debug|x86.Deploy.0 = Debug|x86
		{F4F94AC3-7C60-4A82-A7B0-C9AB922DCE4D}.Release|Any CPU.ActiveCfg = Release|x64
		{F4F94AC3-7C60-4A82-A7B0-C9AB922DCE4D}.Release|Any CPU.Build.0 = Release|x64
		{F4F94AC3-7C60-4A82-A7B0-C9AB922DCE4D}.Release|Any CPU.Deploy.0 = Release|x64
		{F4F94AC3-7C60-4A82-A7B0-C9AB922DCE4D}.Release|ARM.ActiveCfg = Release|ARM
		{F4F94AC3-7C60-4A82-A7B0-C9AB922DCE4D}.Release|ARM.Build.0 = Release|ARM
		{F4F94AC3-7C60-4A82-A7B0-C9AB922DCE4D}.Release|ARM.Deploy.0 = Release|ARM
		{F4F94AC3-7C60-4A82-A7B0-C9AB922DCE4D}.Release|ARM64.ActiveCfg = Release|ARM64
		{F4F94AC3-7C60-4A82-A7B0-C9AB922DCE4D}.Release|ARM64.Build.0 = Release|ARM64
		{F4F94AC3-7C60-4A82-A7B0-C9AB922DCE4D}.Release|ARM64.Deploy.0 = Release|ARM64
		{F4F94AC3-7C60-4A82-A7B0-C9AB922DCE4D}.Release|x64.ActiveCfg = Release|x64
		{F4F94AC3-7C60-4A82-A7B0-C9AB922DCE4D}.Release|x64.Build.0 = Release|x64
		{F4F94AC3-7C60-4A82-A7B0-C9AB922DCE4D}.Release|x64.Deploy.0 = Release|x64
		{F4F94AC3-7C60-4A82-A7B0-C9AB922DCE4D}.Release|x86.ActiveCfg = Release|x86
		{F4F94AC3-7C60-4A82-A7B0-C9AB922DCE4D}.Release|x86.Build.0 = Release|x86
		{F4F94AC3-7C60-4A82-A7B0-C9AB922DCE4D}.Release|x86.Deploy.0 = Release|x86
		{5858D8C4-C517-476E-902A-7E51A9CDFADD}.Debug|Any CPU.ActiveCfg = Debug|Any CPU
		{5858D8C4-C517-476E-902A-7E51A9CDFADD}.Debug|Any CPU.Build.0 = Debug|Any CPU
		{5858D8C4-C517-476E-902A-7E51A9CDFADD}.Debug|ARM.ActiveCfg = Debug|ARM
		{5858D8C4-C517-476E-902A-7E51A9CDFADD}.Debug|ARM.Build.0 = Debug|ARM
		{5858D8C4-C517-476E-902A-7E51A9CDFADD}.Debug|ARM64.ActiveCfg = Debug|ARM64
		{5858D8C4-C517-476E-902A-7E51A9CDFADD}.Debug|ARM64.Build.0 = Debug|ARM64
		{5858D8C4-C517-476E-902A-7E51A9CDFADD}.Debug|x64.ActiveCfg = Debug|x64
		{5858D8C4-C517-476E-902A-7E51A9CDFADD}.Debug|x64.Build.0 = Debug|x64
		{5858D8C4-C517-476E-902A-7E51A9CDFADD}.Debug|x86.ActiveCfg = Debug|x86
		{5858D8C4-C517-476E-902A-7E51A9CDFADD}.Debug|x86.Build.0 = Debug|x86
		{5858D8C4-C517-476E-902A-7E51A9CDFADD}.Release|Any CPU.ActiveCfg = Release|Any CPU
		{5858D8C4-C517-476E-902A-7E51A9CDFADD}.Release|Any CPU.Build.0 = Release|Any CPU
		{5858D8C4-C517-476E-902A-7E51A9CDFADD}.Release|ARM.ActiveCfg = Release|ARM
		{5858D8C4-C517-476E-902A-7E51A9CDFADD}.Release|ARM.Build.0 = Release|ARM
		{5858D8C4-C517-476E-902A-7E51A9CDFADD}.Release|ARM64.ActiveCfg = Release|ARM64
		{5858D8C4-C517-476E-902A-7E51A9CDFADD}.Release|ARM64.Build.0 = Release|ARM64
		{5858D8C4-C517-476E-902A-7E51A9CDFADD}.Release|x64.ActiveCfg = Release|x64
		{5858D8C4-C517-476E-902A-7E51A9CDFADD}.Release|x64.Build.0 = Release|x64
		{5858D8C4-C517-476E-902A-7E51A9CDFADD}.Release|x86.ActiveCfg = Release|x86
		{5858D8C4-C517-476E-902A-7E51A9CDFADD}.Release|x86.Build.0 = Release|x86
	EndGlobalSection
	GlobalSection(SolutionProperties) = preSolution
		HideSolutionNode = FALSE
	EndGlobalSection
	GlobalSection(NestedProjects) = preSolution
		{38148654-F798-4B8C-A9F0-6A9616D278D6} = {E502635E-491D-466A-91C6-6A7BE4FF97A3}
	EndGlobalSection
	GlobalSection(ExtensibilityGlobals) = postSolution
		SolutionGuid = {533FE58D-E7BF-4E18-B375-571A03731B91}
	EndGlobalSection
EndGlobal
